
Microsoft Visual Studio Solution File, Format Version 12.00
# Visual Studio Version 16
VisualStudioVersion = 16.0.28516.95
MinimumVisualStudioVersion = 10.0.40219.1
Project("{FAE04EC0-301F-11D3-BF4B-00C04F79EFBC}") = "concentmemgame", "concentmemgame\concentmemgame.csproj", "{6CD58BAB-77FC-4422-98DB-E2E43F411ED7}"
EndProject
Global
	GlobalSection(SolutionConfigurationPlatforms) = preSolution
		Debug|Any CPU = Debug|Any CPU
		Release|Any CPU = Release|Any CPU
	EndGlobalSection
	GlobalSection(ProjectConfigurationPlatforms) = postSolution
		{6CD58BAB-77FC-4422-98DB-E2E43F411ED7}.Debug|Any CPU.ActiveCfg = Debug|Any CPU
		{6CD58BAB-77FC-4422-98DB-E2E43F411ED7}.Debug|Any CPU.Build.0 = Debug|Any CPU
		{6CD58BAB-77FC-4422-98DB-E2E43F411ED7}.Release|Any CPU.ActiveCfg = Release|Any CPU
		{6CD58BAB-77FC-4422-98DB-E2E43F411ED7}.Release|Any CPU.Build.0 = Release|Any CPU
	EndGlobalSection
	GlobalSection(SolutionProperties) = preSolution
		HideSolutionNode = FALSE
	EndGlobalSection
	GlobalSection(ExtensibilityGlobals) = postSolution
		SolutionGuid = {0C64F54B-8F2E-4D43-9984-AE1C35D53323}
	EndGlobalSection
EndGlobal
